
Microsoft Visual Studio Solution File, Format Version 12.00
# Visual Studio Express 2013 for Windows Desktop
VisualStudioVersion = 12.0.40629.0
MinimumVisualStudioVersion = 10.0.40219.1
Project("{8BC9CEB8-8B4A-11D0-8D11-00A0C91BC942}") = "Lib", "Lib\Lib.vcxproj", "{7C36C5C3-F67C-4536-85BC-9DACB19B9927}"
EndProject
Project("{8BC9CEB8-8B4A-11D0-8D11-00A0C91BC942}") = "Lab1", "Lab1\Lab1.vcxproj", "{2DF49561-D3E2-4BD2-89CD-8D9BB01E746F}"
EndProject
Global
	GlobalSection(SolutionConfigurationPlatforms) = preSolution
		Debug|Win32 = Debug|Win32
		Release|Win32 = Release|Win32
	EndGlobalSection
	GlobalSection(ProjectConfigurationPlatforms) = postSolution
		{7C36C5C3-F67C-4536-85BC-9DACB19B9927}.Debug|Win32.ActiveCfg = Debug|Win32
		{7C36C5C3-F67C-4536-85BC-9DACB19B9927}.Debug|Win32.Build.0 = Debug|Win32
		{7C36C5C3-F67C-4536-85BC-9DACB19B9927}.Release|Win32.ActiveCfg = Release|Win32
		{7C36C5C3-F67C-4536-85BC-9DACB19B9927}.Release|Win32.Build.0 = Release|Win32
		{2DF49561-D3E2-4BD2-89CD-8D9BB01E746F}.Debug|Win32.ActiveCfg = Debug|Win32
		{2DF49561-D3E2-4BD2-89CD-8D9BB01E746F}.Debug|Win32.Build.0 = Debug|Win32
		{2DF49561-D3E2-4BD2-89CD-8D9BB01E746F}.Release|Win32.ActiveCfg = Release|Win32
		{2DF49561-D3E2-4BD2-89CD-8D9BB01E746F}.Release|Win32.Build.0 = Release|Win32
	EndGlobalSection
	GlobalSection(SolutionProperties) = preSolution
		HideSolutionNode = FALSE
	EndGlobalSection
EndGlobal
